
Microsoft Visual Studio Solution File, Format Version 12.00
# Visual Studio Version 17
VisualStudioVersion = 17.11.35327.3
MinimumVisualStudioVersion = 10.0.40219.1
Project("{FAE04EC0-301F-11D3-BF4B-00C04F79EFBC}") = "SchoolOrganization.WebAPI", "SchoolOrganization.WebAPI.csproj", "{0FDD7BD2-27E5-4A57-B189-4F1823DF5328}"
EndProject
Project("{FAE04EC0-301F-11D3-BF4B-00C04F79EFBC}") = "SchoolOrganization.Integration", "..\SchoolOrganization.Integration\SchoolOrganization.Integration.csproj", "{5D0E1235-A29E-42F6-8519-CC5B1827848C}"
EndProject
Global
	GlobalSection(SolutionConfigurationPlatforms) = preSolution
		Debug|Any CPU = Debug|Any CPU
		Release|Any CPU = Release|Any CPU
	EndGlobalSection
	GlobalSection(ProjectConfigurationPlatforms) = postSolution
		{0FDD7BD2-27E5-4A57-B189-4F1823DF5328}.Debug|Any CPU.ActiveCfg = Debug|Any CPU
		{0FDD7BD2-27E5-4A57-B189-4F1823DF5328}.Debug|Any CPU.Build.0 = Debug|Any CPU
		{0FDD7BD2-27E5-4A57-B189-4F1823DF5328}.Release|Any CPU.ActiveCfg = Release|Any CPU
		{0FDD7BD2-27E5-4A57-B189-4F1823DF5328}.Release|Any CPU.Build.0 = Release|Any CPU
		{5D0E1235-A29E-42F6-8519-CC5B1827848C}.Debug|Any CPU.ActiveCfg = Debug|Any CPU
		{5D0E1235-A29E-42F6-8519-CC5B1827848C}.Debug|Any CPU.Build.0 = Debug|Any CPU
		{5D0E1235-A29E-42F6-8519-CC5B1827848C}.Release|Any CPU.ActiveCfg = Release|Any CPU
		{5D0E1235-A29E-42F6-8519-CC5B1827848C}.Release|Any CPU.Build.0 = Release|Any CPU
	EndGlobalSection
	GlobalSection(SolutionProperties) = preSolution
		HideSolutionNode = FALSE
	EndGlobalSection
	GlobalSection(ExtensibilityGlobals) = postSolution
		SolutionGuid = {8F621E64-078B-4466-83D5-8FB6D309E431}
	EndGlobalSection
EndGlobal
